
Microsoft Visual Studio Solution File, Format Version 12.00
# Visual Studio 15
VisualStudioVersion = 15.0.28010.2048
MinimumVisualStudioVersion = 10.0.40219.1
Project("{FAE04EC0-301F-11D3-BF4B-00C04F79EFBC}") = "ByteBank", "ByteBank\ByteBank.csproj", "{F13F2E4E-664F-45C2-A1ED-39290743F74D}"
EndProject
Global
	GlobalSection(SolutionConfigurationPlatforms) = preSolution
		Debug|Any CPU = Debug|Any CPU
		Release|Any CPU = Release|Any CPU
	EndGlobalSection
	GlobalSection(ProjectConfigurationPlatforms) = postSolution
		{F13F2E4E-664F-45C2-A1ED-39290743F74D}.Debug|Any CPU.ActiveCfg = Debug|Any CPU
		{F13F2E4E-664F-45C2-A1ED-39290743F74D}.Debug|Any CPU.Build.0 = Debug|Any CPU
		{F13F2E4E-664F-45C2-A1ED-39290743F74D}.Release|Any CPU.ActiveCfg = Release|Any CPU
		{F13F2E4E-664F-45C2-A1ED-39290743F74D}.Release|Any CPU.Build.0 = Release|Any CPU
	EndGlobalSection
	GlobalSection(SolutionProperties) = preSolution
		HideSolutionNode = FALSE
	EndGlobalSection
	GlobalSection(ExtensibilityGlobals) = postSolution
		SolutionGuid = {12B72069-DD31-45C1-A995-109E1A404629}
	EndGlobalSection
EndGlobal
